Microsoft Visual Studio Solution File, Format Version 12.00
# Visual Studio Version 17
VisualStudioVersion = 17.0.31903.59
MinimumVisualStudioVersion = 10.0.40219.1
Project("{9A19103F-16F7-4668-BE54-9A1E7A4F7556}") = "Maui.AutoWireViewModel", "src\Maui.AutoWireViewModel\Maui.AutoWireViewModel.csproj", "{0AADE664-3310-4221-94B0-404B5211B6BF}"
EndProject
Global
	GlobalSection(SolutionConfigurationPlatforms) = preSolution
		Debug|Any CPU = Debug|Any CPU
		Release|Any CPU = Release|Any CPU
	EndGlobalSection
	GlobalSection(SolutionProperties) = preSolution
		HideSolutionNode = FALSE
	EndGlobalSection
	GlobalSection(ProjectConfigurationPlatforms) = postSolution
		{0AADE664-3310-4221-94B0-404B5211B6BF}.Debug|Any CPU.ActiveCfg = Debug|Any CPU
		{0AADE664-3310-4221-94B0-404B5211B6BF}.Debug|Any CPU.Build.0 = Debug|Any CPU
		{0AADE664-3310-4221-94B0-404B5211B6BF}.Release|Any CPU.ActiveCfg = Release|Any CPU
		{0AADE664-3310-4221-94B0-404B5211B6BF}.Release|Any CPU.Build.0 = Release|Any CPU
	EndGlobalSection
EndGlobal
e|Any CPU
		{0AADE664-3310-4221-94B0-404B5211B6BF}.Release|Any CPU.Build.0 = Release|Any CPU
	EndGlobalSection
	GlobalSection(NestedProjects) = preSolution
		{0AADE664-3310-4221-94B0-404B5211B6BF} = {E7D21D77-73FE-4759-B518-C9285165C484}
	EndGlobalSection
EndGlobal
